{
  "requires": true,
  "lockfileVersion": 1,
  "dependencies": {
    "@types/validator": {
      "version": "13.6.3",
      "resolved": "https://registry.npmjs.org/@types/validator/-/validator-13.6.3.tgz",
      "integrity": "sha512-fWG42pMJOL4jKsDDZZREnXLjc3UE0R8LOJfARWYg6U966rxDT7TYejYzLnUF5cvSObGg34nd0+H2wHHU5Omdfw=="
    },
    "class-validator": {
      "version": "0.13.1",
      "resolved": "https://registry.npmjs.org/class-validator/-/class-validator-0.13.1.tgz",
      "integrity": "sha512-zWIeYFhUitvAHBwNhDdCRK09hWx+P0HUwFE8US8/CxFpMVzkUK8RJl7yOIE+BVu2lxyPNgeOaFv78tLE47jBIg==",
      "requires": {
        "@types/validator": "^13.1.3",
        "libphonenumber-js": "^1.9.7",
        "validator": "^13.5.2"
      }
    },
    "libphonenumber-js": {
      "version": "1.9.34",
      "resolved": "https://registry.npmjs.org/libphonenumber-js/-/libphonenumber-js-1.9.34.tgz",
      "integrity": "sha512-gHTNU9xTtVgSp30IDX/57W4pETMXDIYXFfwEOJVXiYosiY7Hc7ogJwlBjOqlCcU04X0aA8DT57hdwUC1sJBJnA=="
    },
    "validator": {
      "version": "13.6.0",
      "resolved": "https://registry.npmjs.org/validator/-/validator-13.6.0.tgz",
      "integrity": "sha512-gVgKbdbHgtxpRyR8K0O6oFZPhhB5tT1jeEHZR0Znr9Svg03U0+r9DXWMrnRAB+HtCStDQKlaIZm42tVsVjqtjg=="
    }
  }
}
